
Microsoft Visual Studio Solution File, Format Version 12.00
# Visual Studio Version 17
VisualStudioVersion = 17.14.36401.2
MinimumVisualStudioVersion = 10.0.40219.1
Project("{FAE04EC0-301F-11D3-BF4B-00C04F79EFBC}") = "TDProj", "TDProj\TDProj.csproj", "{1F2CFA4E-952C-42D4-932D-094441B8E2DB}"
EndProject
Global
	GlobalSection(SolutionConfigurationPlatforms) = preSolution
		Debug|Any CPU = Debug|Any CPU
		Release|Any CPU = Release|Any CPU
	EndGlobalSection
	GlobalSection(ProjectConfigurationPlatforms) = postSolution
		{1F2CFA4E-952C-42D4-932D-094441B8E2DB}.Debug|Any CPU.ActiveCfg = Debug|Any CPU
		{1F2CFA4E-952C-42D4-932D-094441B8E2DB}.Debug|Any CPU.Build.0 = Debug|Any CPU
		{1F2CFA4E-952C-42D4-932D-094441B8E2DB}.Release|Any CPU.ActiveCfg = Release|Any CPU
		{1F2CFA4E-952C-42D4-932D-094441B8E2DB}.Release|Any CPU.Build.0 = Release|Any CPU
	EndGlobalSection
	GlobalSection(SolutionProperties) = preSolution
		HideSolutionNode = FALSE
	EndGlobalSection
	GlobalSection(ExtensibilityGlobals) = postSolution
		SolutionGuid = {76C9FA97-CC04-47C6-8C6F-37ABA89C6B73}
	EndGlobalSection
EndGlobal
